# Generated by pub
# See https://dart.dev/tools/pub/glossary#lockfile
packages:
  adaptive_number:
    dependency: transitive
    description:
      name: adaptive_number
      sha256: "3a567544e9b5c9c803006f51140ad544aedc79604fd4f3f2c1380003f97c1d77"
      url: "https://pub.flutter-io.cn"
    source: hosted
    version: "1.0.0"
  alfred:
    dependency: "direct main"
    description:
      name: alfred
      sha256: "7acfe84f0a73333308f580084b1d517e5210a4df2d632ebc204c50ffcb8f09e0"
      url: "https://pub.flutter-io.cn"
    source: hosted
    version: "1.1.3"
  args:
    dependency: "direct main"
    description:
      name: args
      sha256: d0481093c50b1da8910eb0bb301626d4d8eb7284aa739614d2b394ee09e3ea04
      url: "https://pub.flutter-io.cn"
    source: hosted
    version: "2.7.0"
  async:
    dependency: transitive
    description:
      name: async
      sha256: "758e6d74e971c3e5aceb4110bfd6698efc7f501675bcfe0c775459a8140750eb"
      url: "https://pub.flutter-io.cn"
    source: hosted
    version: "2.13.0"
  clock:
    dependency: transitive
    description:
      name: clock
      sha256: fddb70d9b5277016c77a80201021d40a2247104d9f4aa7bab7157b7e3f05b84b
      url: "https://pub.flutter-io.cn"
    source: hosted
    version: "1.1.2"
  collection:
    dependency: transitive
    description:
      name: collection
      sha256: "2f5709ae4d3d59dd8f7cd309b4e023046b57d8a6c82130785d2b0e5868084e76"
      url: "https://pub.flutter-io.cn"
    source: hosted
    version: "1.19.1"
  convert:
    dependency: transitive
    description:
      name: convert
      sha256: b30acd5944035672bc15c6b7a8b47d773e41e2f17de064350988c5d02adb1c68
      url: "https://pub.flutter-io.cn"
    source: hosted
    version: "3.1.2"
  cron:
    dependency: "direct main"
    description:
      name: cron
      sha256: d98aa8cdad0cccdb6b098e6a1fb89339c180d8a229145fa4cd8c6fc538f0e35f
      url: "https://pub.flutter-io.cn"
    source: hosted
    version: "0.5.1"
  crypto:
    dependency: "direct main"
    description:
      name: crypto
      sha256: c8ea0233063ba03258fbcf2ca4d6dadfefe14f02fab57702265467a19f27fadf
      url: "https://pub.flutter-io.cn"
    source: hosted
    version: "3.0.7"
  dart_jsonwebtoken:
    dependency: "direct main"
    description:
      name: dart_jsonwebtoken
      sha256: "00a0812d2aeaeb0d30bcbc4dd3cee57971dbc0ab2216adf4f0247f37793f15ef"
      url: "https://pub.flutter-io.cn"
    source: hosted
    version: "2.17.0"
  ed25519_edwards:
    dependency: transitive
    description:
      name: ed25519_edwards
      sha256: "6ce0112d131327ec6d42beede1e5dfd526069b18ad45dcf654f15074ad9276cd"
      url: "https://pub.flutter-io.cn"
    source: hosted
    version: "0.3.1"
  fixnum:
    dependency: transitive
    description:
      name: fixnum
      sha256: b6dc7065e46c974bc7c5f143080a6764ec7a4be6da1285ececdc37be96de53be
      url: "https://pub.flutter-io.cn"
    source: hosted
    version: "1.1.1"
  http:
    dependency: "direct main"
    description:
      name: http
      sha256: "87721a4a50b19c7f1d49001e51409bddc46303966ce89a65af4f4e6004896412"
      url: "https://pub.flutter-io.cn"
    source: hosted
    version: "1.6.0"
  http_parser:
    dependency: transitive
    description:
      name: http_parser
      sha256: "178d74305e7866013777bab2c3d8726205dc5a4dd935297175b19a23a2e66571"
      url: "https://pub.flutter-io.cn"
    source: hosted
    version: "4.1.2"
  intl:
    dependency: "direct main"
    description:
      name: intl
      sha256: "3bc132a9dbce73a7e4a21a17d06e1878839ffbf975568bc875c60537824b0c4d"
      url: "https://pub.flutter-io.cn"
    source: hosted
    version: "0.18.1"
  js:
    dependency: transitive
    description:
      name: js
      sha256: "53385261521cc4a0c4658fd0ad07a7d14591cf8fc33abbceae306ddb974888dc"
      url: "https://pub.flutter-io.cn"
    source: hosted
    version: "0.7.2"
  logging:
    dependency: transitive
    description:
      name: logging
      sha256: c8245ada5f1717ed44271ed1c26b8ce85ca3228fd2ffdb75468ab01979309d61
      url: "https://pub.flutter-io.cn"
    source: hosted
    version: "1.3.0"
  meta:
    dependency: transitive
    description:
      name: meta
      sha256: "9f29b9bcc8ee287b1a31e0d01be0eae99a930dbffdaecf04b3f3d82a969f296f"
      url: "https://pub.flutter-io.cn"
    source: hosted
    version: "1.18.1"
  mime:
    dependency: transitive
    description:
      name: mime
      sha256: "801fd0b26f14a4a58ccb09d5892c3fbdeff209594300a542492cf13fba9d247a"
      url: "https://pub.flutter-io.cn"
    source: hosted
    version: "1.0.6"
  mime_type:
    dependency: transitive
    description:
      name: mime_type
      sha256: d652b613e84dac1af28030a9fba82c0999be05b98163f9e18a0849c6e63838bb
      url: "https://pub.flutter-io.cn"
    source: hosted
    version: "1.0.1"
  mysql1:
    dependency: "direct main"
    description:
      name: mysql1
      sha256: "75c685f3d35cffca00e7ec318b916dc9de91f25e6139829225a2b984955d1469"
      url: "https://pub.flutter-io.cn"
    source: hosted
    version: "0.19.2"
  path:
    dependency: "direct main"
    description:
      name: path
      sha256: "75cca69d1490965be98c73ceaea117e8a04dd21217b37b292c9ddbec0d955bc5"
      url: "https://pub.flutter-io.cn"
    source: hosted
    version: "1.9.1"
  pointycastle:
    dependency: transitive
    description:
      name: pointycastle
      sha256: "4be0097fcf3fd3e8449e53730c631200ebc7b88016acecab2b0da2f0149222fe"
      url: "https://pub.flutter-io.cn"
    source: hosted
    version: "3.9.1"
  pool:
    dependency: transitive
    description:
      name: pool
      sha256: "978783255c543aa3586a1b3c21f6e9d720eb315376a915872c61ef8b5c20177d"
      url: "https://pub.flutter-io.cn"
    source: hosted
    version: "1.5.2"
  queue:
    dependency: transitive
    description:
      name: queue
      sha256: "9bc29632072f4dac6cd0056acbb63361f654e2def9ceb4b08cfe0f9cf5618409"
      url: "https://pub.flutter-io.cn"
    source: hosted
    version: "3.4.0"
  redis:
    dependency: "direct main"
    description:
      name: redis
      sha256: "4a8218ef7b0642ff499147c7a105591208259e2f55f07db0101ace7f82f66cf9"
      url: "https://pub.flutter-io.cn"
    source: hosted
    version: "4.0.0"
  shelf:
    dependency: transitive
    description:
      name: shelf
      sha256: e7dd780a7ffb623c57850b33f43309312fc863fb6aa3d276a754bb299839ef12
      url: "https://pub.flutter-io.cn"
    source: hosted
    version: "1.4.2"
  shelf_static:
    dependency: "direct main"
    description:
      name: shelf_static
      sha256: c87c3875f91262785dade62d135760c2c69cb217ac759485334c5857ad89f6e3
      url: "https://pub.flutter-io.cn"
    source: hosted
    version: "1.1.3"
  source_span:
    dependency: transitive
    description:
      name: source_span
      sha256: "56a02f1f4cd1a2d96303c0144c93bd6d909eea6bee6bf5a0e0b685edbd4c47ab"
      url: "https://pub.flutter-io.cn"
    source: hosted
    version: "1.10.2"
  stack_trace:
    dependency: transitive
    description:
      name: stack_trace
      sha256: "8b27215b45d22309b5cddda1aa2b19bdfec9df0e765f2de506401c071d38d1b1"
      url: "https://pub.flutter-io.cn"
    source: hosted
    version: "1.12.1"
  stream_channel:
    dependency: transitive
    description:
      name: stream_channel
      sha256: "969e04c80b8bcdf826f8f16579c7b14d780458bd97f56d107d3950fdbeef059d"
      url: "https://pub.flutter-io.cn"
    source: hosted
    version: "2.1.4"
  string_scanner:
    dependency: transitive
    description:
      name: string_scanner
      sha256: "921cd31725b72fe181906c6a94d987c78e3b98c2e205b397ea399d4054872b43"
      url: "https://pub.flutter-io.cn"
    source: hosted
    version: "1.4.1"
  term_glyph:
    dependency: transitive
    description:
      name: term_glyph
      sha256: "7f554798625ea768a7518313e58f83891c7f5024f88e46e7182a4558850a4b8e"
      url: "https://pub.flutter-io.cn"
    source: hosted
    version: "1.2.2"
  typed_data:
    dependency: transitive
    description:
      name: typed_data
      sha256: f9049c039ebfeb4cf7a7104a675823cd72dba8297f264b6637062516699fa006
      url: "https://pub.flutter-io.cn"
    source: hosted
    version: "1.4.0"
  uuid:
    dependency: "direct main"
    description:
      name: uuid
      sha256: "1fef9e8e11e2991bb773070d4656b7bd5d850967a2456cfc83cf47925ba79489"
      url: "https://pub.flutter-io.cn"
    source: hosted
    version: "4.5.3"
  web:
    dependency: transitive
    description:
      name: web
      sha256: "868d88a33d8a87b18ffc05f9f030ba328ffefba92d6c127917a2ba740f9cfe4a"
      url: "https://pub.flutter-io.cn"
    source: hosted
    version: "1.1.1"
sdks:
  dart: ">=3.7.0-0 <4.0.0"
